
Microsoft Visual Studio Solution File, Format Version 12.00
# Visual Studio Version 17
VisualStudioVersion = 17.7.34031.279
MinimumVisualStudioVersion = 10.0.40219.1
Project("{8BC9CEB8-8B4A-11D0-8D11-00A0C91BC942}") = "MKPlab1_KeplersEq", "MKPlab1_KeplersEq\MKPlab1_KeplersEq.vcxproj", "{B7A8C3AE-7BFD-46CE-A2CF-6672A7F2D3D2}"
EndProject
Global
	GlobalSection(SolutionConfigurationPlatforms) = preSolution
		Debug|x64 = Debug|x64
		Debug|x86 = Debug|x86
		Release|x64 = Release|x64
		Release|x86 = Release|x86
	EndGlobalSection
	GlobalSection(ProjectConfigurationPlatforms) = postSolution
		{B7A8C3AE-7BFD-46CE-A2CF-6672A7F2D3D2}.Debug|x64.ActiveCfg = Debug|x64
		{B7A8C3AE-7BFD-46CE-A2CF-6672A7F2D3D2}.Debug|x64.Build.0 = Debug|x64
		{B7A8C3AE-7BFD-46CE-A2CF-6672A7F2D3D2}.Debug|x86.ActiveCfg = Debug|Win32
		{B7A8C3AE-7BFD-46CE-A2CF-6672A7F2D3D2}.Debug|x86.Build.0 = Debug|Win32
		{B7A8C3AE-7BFD-46CE-A2CF-6672A7F2D3D2}.Release|x64.ActiveCfg = Release|x64
		{B7A8C3AE-7BFD-46CE-A2CF-6672A7F2D3D2}.Release|x64.Build.0 = Release|x64
		{B7A8C3AE-7BFD-46CE-A2CF-6672A7F2D3D2}.Release|x86.ActiveCfg = Release|Win32
		{B7A8C3AE-7BFD-46CE-A2CF-6672A7F2D3D2}.Release|x86.Build.0 = Release|Win32
	EndGlobalSection
	GlobalSection(SolutionProperties) = preSolution
		HideSolutionNode = FALSE
	EndGlobalSection
	GlobalSection(ExtensibilityGlobals) = postSolution
		SolutionGuid = {3AA3F288-B258-41E0-87E1-612CF1F00B64}
	EndGlobalSection
EndGlobal
